
Microsoft Visual Studio Solution File, Format Version 12.00
# Visual Studio Version 17
VisualStudioVersion = 17.12.35707.178 d17.12
MinimumVisualStudioVersion = 10.0.40219.1
Project("{FAE04EC0-301F-11D3-BF4B-00C04F79EFBC}") = "HelloWorldGitDemo", "HelloWorldGitDemo\HelloWorldGitDemo.csproj", "{16B09DFC-BACA-4A6C-8BF2-6B5B92D6803B}"
EndProject
Global
	GlobalSection(SolutionConfigurationPlatforms) = preSolution
		Debug|Any CPU = Debug|Any CPU
		Release|Any CPU = Release|Any CPU
	EndGlobalSection
	GlobalSection(ProjectConfigurationPlatforms) = postSolution
		{16B09DFC-BACA-4A6C-8BF2-6B5B92D6803B}.Debug|Any CPU.ActiveCfg = Debug|Any CPU
		{16B09DFC-BACA-4A6C-8BF2-6B5B92D6803B}.Debug|Any CPU.Build.0 = Debug|Any CPU
		{16B09DFC-BACA-4A6C-8BF2-6B5B92D6803B}.Release|Any CPU.ActiveCfg = Release|Any CPU
		{16B09DFC-BACA-4A6C-8BF2-6B5B92D6803B}.Release|Any CPU.Build.0 = Release|Any CPU
	EndGlobalSection
	GlobalSection(SolutionProperties) = preSolution
		HideSolutionNode = FALSE
	EndGlobalSection
EndGlobal
